
Microsoft Visual Studio Solution File, Format Version 12.00
# Visual Studio Version 17
VisualStudioVersion = 17.10.35013.160
MinimumVisualStudioVersion = 10.0.40219.1
Project("{FAE04EC0-301F-11D3-BF4B-00C04F79EFBC}") = "WebAPI", "WebAPI\WebAPI.csproj", "{B25558CF-F11A-4370-8E50-2059F30B1606}"
EndProject
Project("{FAE04EC0-301F-11D3-BF4B-00C04F79EFBC}") = "Business", "Business\Business.csproj", "{716E0F1C-3CA2-4066-B5A2-8272F492331E}"
EndProject
Project("{FAE04EC0-301F-11D3-BF4B-00C04F79EFBC}") = "Core", "Core\Core.csproj", "{137ADFC7-3E52-4369-86E4-03681AF178D2}"
EndProject
Project("{FAE04EC0-301F-11D3-BF4B-00C04F79EFBC}") = "DataAccess", "DataAccess\DataAccess.csproj", "{635B91C3-1216-4889-84C6-5F599800946A}"
EndProject
Project("{FAE04EC0-301F-11D3-BF4B-00C04F79EFBC}") = "Entities", "Entities\Entities.csproj", "{1F509CAA-0992-4B66-861C-6F680CCF225C}"
EndProject
Global
	GlobalSection(SolutionConfigurationPlatforms) = preSolution
		Debug|Any CPU = Debug|Any CPU
		Release|Any CPU = Release|Any CPU
	EndGlobalSection
	GlobalSection(ProjectConfigurationPlatforms) = postSolution
		{B25558CF-F11A-4370-8E50-2059F30B1606}.Debug|Any CPU.ActiveCfg = Debug|Any CPU
		{B25558CF-F11A-4370-8E50-2059F30B1606}.Debug|Any CPU.Build.0 = Debug|Any CPU
		{B25558CF-F11A-4370-8E50-2059F30B1606}.Release|Any CPU.ActiveCfg = Release|Any CPU
		{B25558CF-F11A-4370-8E50-2059F30B1606}.Release|Any CPU.Build.0 = Release|Any CPU
		{716E0F1C-3CA2-4066-B5A2-8272F492331E}.Debug|Any CPU.ActiveCfg = Debug|Any CPU
		{716E0F1C-3CA2-4066-B5A2-8272F492331E}.Debug|Any CPU.Build.0 = Debug|Any CPU
		{716E0F1C-3CA2-4066-B5A2-8272F492331E}.Release|Any CPU.ActiveCfg = Release|Any CPU
		{716E0F1C-3CA2-4066-B5A2-8272F492331E}.Release|Any CPU.Build.0 = Release|Any CPU
		{137ADFC7-3E52-4369-86E4-03681AF178D2}.Debug|Any CPU.ActiveCfg = Debug|Any CPU
		{137ADFC7-3E52-4369-86E4-03681AF178D2}.Debug|Any CPU.Build.0 = Debug|Any CPU
		{137ADFC7-3E52-4369-86E4-03681AF178D2}.Release|Any CPU.ActiveCfg = Release|Any CPU
		{137ADFC7-3E52-4369-86E4-03681AF178D2}.Release|Any CPU.Build.0 = Release|Any CPU
		{635B91C3-1216-4889-84C6-5F599800946A}.Debug|Any CPU.ActiveCfg = Debug|Any CPU
		{635B91C3-1216-4889-84C6-5F599800946A}.Debug|Any CPU.Build.0 = Debug|Any CPU
		{635B91C3-1216-4889-84C6-5F599800946A}.Release|Any CPU.ActiveCfg = Release|Any CPU
		{635B91C3-1216-4889-84C6-5F599800946A}.Release|Any CPU.Build.0 = Release|Any CPU
		{1F509CAA-0992-4B66-861C-6F680CCF225C}.Debug|Any CPU.ActiveCfg = Debug|Any CPU
		{1F509CAA-0992-4B66-861C-6F680CCF225C}.Debug|Any CPU.Build.0 = Debug|Any CPU
		{1F509CAA-0992-4B66-861C-6F680CCF225C}.Release|Any CPU.ActiveCfg = Release|Any CPU
		{1F509CAA-0992-4B66-861C-6F680CCF225C}.Release|Any CPU.Build.0 = Release|Any CPU
	EndGlobalSection
	GlobalSection(SolutionProperties) = preSolution
		HideSolutionNode = FALSE
	EndGlobalSection
	GlobalSection(ExtensibilityGlobals) = postSolution
		SolutionGuid = {073C8B4E-3C91-46ED-870F-96E2A5A7ABE9}
	EndGlobalSection
EndGlobal
